dependencies:
- name: postgresql
  repository: https://charts.bitnami.com/bitnami
  version: 13.2.0
- name: rabbitmq
  repository: https://charts.bitnami.com/bitnami
  version: 12.5.6
digest: sha256:27dda2b667a4a7cc09a46d5129d9369184df80005d4df4ee52eab8543258e0f0
generated: "2023-12-13T08:52:40.707011+09:00"
